
Microsoft Visual Studio Solution File, Format Version 12.00
# Visual Studio Version 16
VisualStudioVersion = 16.0.29806.167
MinimumVisualStudioVersion = 10.0.40219.1
Project("{FAE04EC0-301F-11D3-BF4B-00C04F79EFBC}") = "28", "28\28.csproj", "{AAB1C9C7-B0D7-4962-8F5E-4B98E8B1D501}"
EndProject
Global
	GlobalSection(SolutionConfigurationPlatforms) = preSolution
		Debug|Any CPU = Debug|Any CPU
		Release|Any CPU = Release|Any CPU
	EndGlobalSection
	GlobalSection(ProjectConfigurationPlatforms) = postSolution
		{AAB1C9C7-B0D7-4962-8F5E-4B98E8B1D501}.Debug|Any CPU.ActiveCfg = Debug|Any CPU
		{AAB1C9C7-B0D7-4962-8F5E-4B98E8B1D501}.Debug|Any CPU.Build.0 = Debug|Any CPU
		{AAB1C9C7-B0D7-4962-8F5E-4B98E8B1D501}.Release|Any CPU.ActiveCfg = Release|Any CPU
		{AAB1C9C7-B0D7-4962-8F5E-4B98E8B1D501}.Release|Any CPU.Build.0 = Release|Any CPU
	EndGlobalSection
	GlobalSection(SolutionProperties) = preSolution
		HideSolutionNode = FALSE
	EndGlobalSection
	GlobalSection(ExtensibilityGlobals) = postSolution
		SolutionGuid = {87338A7E-AAF8-456D-8161-F3615755E817}
	EndGlobalSection
EndGlobal
