
Microsoft Visual Studio Solution File, Format Version 12.00
# Visual Studio Version 16
VisualStudioVersion = 16.0.29806.167
MinimumVisualStudioVersion = 10.0.40219.1
Project("{FAE04EC0-301F-11D3-BF4B-00C04F79EFBC}") = "19", "19\19.csproj", "{703E671D-B855-4DAE-9DA4-D45820D7D886}"
EndProject
Global
	GlobalSection(SolutionConfigurationPlatforms) = preSolution
		Debug|Any CPU = Debug|Any CPU
		Release|Any CPU = Release|Any CPU
	EndGlobalSection
	GlobalSection(ProjectConfigurationPlatforms) = postSolution
		{703E671D-B855-4DAE-9DA4-D45820D7D886}.Debug|Any CPU.ActiveCfg = Debug|Any CPU
		{703E671D-B855-4DAE-9DA4-D45820D7D886}.Debug|Any CPU.Build.0 = Debug|Any CPU
		{703E671D-B855-4DAE-9DA4-D45820D7D886}.Release|Any CPU.ActiveCfg = Release|Any CPU
		{703E671D-B855-4DAE-9DA4-D45820D7D886}.Release|Any CPU.Build.0 = Release|Any CPU
	EndGlobalSection
	GlobalSection(SolutionProperties) = preSolution
		HideSolutionNode = FALSE
	EndGlobalSection
	GlobalSection(ExtensibilityGlobals) = postSolution
		SolutionGuid = {A80AB893-5EA2-497A-BE72-D79DC97A31B4}
	EndGlobalSection
EndGlobal
