
Microsoft Visual Studio Solution File, Format Version 12.00
# Visual Studio Version 16
VisualStudioVersion = 16.0.29806.167
MinimumVisualStudioVersion = 10.0.40219.1
Project("{FAE04EC0-301F-11D3-BF4B-00C04F79EFBC}") = "24", "24\24.csproj", "{EB1A4A30-71B7-4320-868A-F18B17292625}"
EndProject
Global
	GlobalSection(SolutionConfigurationPlatforms) = preSolution
		Debug|Any CPU = Debug|Any CPU
		Release|Any CPU = Release|Any CPU
	EndGlobalSection
	GlobalSection(ProjectConfigurationPlatforms) = postSolution
		{EB1A4A30-71B7-4320-868A-F18B17292625}.Debug|Any CPU.ActiveCfg = Debug|Any CPU
		{EB1A4A30-71B7-4320-868A-F18B17292625}.Debug|Any CPU.Build.0 = Debug|Any CPU
		{EB1A4A30-71B7-4320-868A-F18B17292625}.Release|Any CPU.ActiveCfg = Release|Any CPU
		{EB1A4A30-71B7-4320-868A-F18B17292625}.Release|Any CPU.Build.0 = Release|Any CPU
	EndGlobalSection
	GlobalSection(SolutionProperties) = preSolution
		HideSolutionNode = FALSE
	EndGlobalSection
	GlobalSection(ExtensibilityGlobals) = postSolution
		SolutionGuid = {D111892D-B816-4DA9-8F5D-74B7CC5AD6E3}
	EndGlobalSection
EndGlobal
