
Microsoft Visual Studio Solution File, Format Version 12.00
# Visual Studio Version 16
VisualStudioVersion = 16.0.29806.167
MinimumVisualStudioVersion = 10.0.40219.1
Project("{FAE04EC0-301F-11D3-BF4B-00C04F79EFBC}") = "50", "50\50.csproj", "{A9FA6083-0E27-4660-872B-234DC4ABCCA1}"
EndProject
Global
	GlobalSection(SolutionConfigurationPlatforms) = preSolution
		Debug|Any CPU = Debug|Any CPU
		Release|Any CPU = Release|Any CPU
	EndGlobalSection
	GlobalSection(ProjectConfigurationPlatforms) = postSolution
		{A9FA6083-0E27-4660-872B-234DC4ABCCA1}.Debug|Any CPU.ActiveCfg = Debug|Any CPU
		{A9FA6083-0E27-4660-872B-234DC4ABCCA1}.Debug|Any CPU.Build.0 = Debug|Any CPU
		{A9FA6083-0E27-4660-872B-234DC4ABCCA1}.Release|Any CPU.ActiveCfg = Release|Any CPU
		{A9FA6083-0E27-4660-872B-234DC4ABCCA1}.Release|Any CPU.Build.0 = Release|Any CPU
	EndGlobalSection
	GlobalSection(SolutionProperties) = preSolution
		HideSolutionNode = FALSE
	EndGlobalSection
	GlobalSection(ExtensibilityGlobals) = postSolution
		SolutionGuid = {A3082C62-DF73-45D6-BA3C-2C99DDE2701B}
	EndGlobalSection
EndGlobal
